# This file is generated by running "yarn install" inside your project.
# Manual changes might be lost - proceed with caution!

__metadata:
  version: 8
  cacheKey: 10c0

"prettier-html-templates@npm:^0.1.0":
  version: 0.1.0
  resolution: "prettier-html-templates@npm:0.1.0"
  peerDependencies:
    prettier: ^2.0.0
  checksum: 10c0/de6fe3d027040f0276d6d440f786ec8d06e42deeb5e2d2818bf1393236e402531709045c397aa28944f7d9eef2c9ab5fa02e7797d207c14ddd81cd860c35faff
  languageName: node
  linkType: hard

"prettier-plugin-erb@npm:^0.4.0":
  version: 0.4.0
  resolution: "prettier-plugin-erb@npm:0.4.0"
  dependencies:
    prettier-html-templates: "npm:^0.1.0"
  peerDependencies:
    "@prettier/plugin-ruby": ^1.0.0
    prettier: ">=2.0.0 <2.3"
  checksum: 10c0/3dd26bb5af5d38ecc36dae12866ee0f6e0a61baf64bd6c339a86c1400a0c516844aa0c70deeab1d6adddd69ad32a733a6209a208e7059bf1a8be8753df5d5748
  languageName: node
  linkType: hard

"prettier@npm:^2.2.1":
  version: 2.2.1
  resolution: "prettier@npm:2.2.1"
  bin:
    prettier: bin-prettier.js
  checksum: 10c0/4041ff87d6cba9134a8e0eb74a9e7f50f7091de6b95f5a6fb1928795c7d0584ae46806e0d75588fbc912b2cda2439d28a14fb84416946384cf71d60f5a0a68a6
  languageName: node
  linkType: hard

"root-workspace-0b6124@workspace:.":
  version: 0.0.0-use.local
  resolution: "root-workspace-0b6124@workspace:."
  dependencies:
    prettier: "npm:^2.2.1"
    prettier-plugin-erb: "npm:^0.4.0"
  languageName: unknown
  linkType: soft
