# This file is generated by running "yarn install" inside your project.
# Manual changes might be lost - proceed with caution!

__metadata:
  version: 8
  cacheKey: 10c0

"prettier-html-templates@npm:^0.1.0":
  version: 0.1.0
  resolution: "prettier-html-templates@npm:0.1.0"
  peerDependencies:
    prettier: ^2.0.0
  checksum: 10c0/de6fe3d027040f0276d6d440f786ec8d06e42deeb5e2d2818bf1393236e402531709045c397aa28944f7d9eef2c9ab5fa02e7797d207c14ddd81cd860c35faff
  languageName: node
  linkType: hard

"prettier-plugin-erb@npm:^0.4.0":
  version: 0.4.0
  resolution: "prettier-plugin-erb@npm:0.4.0"
  dependencies:
    prettier-html-templates: "npm:^0.1.0"
  peerDependencies:
    "@prettier/plugin-ruby": ^1.0.0
    prettier: ">=2.0.0 <2.3"
  checksum: 10c0/3dd26bb5af5d38ecc36dae12866ee0f6e0a61baf64bd6c339a86c1400a0c516844aa0c70deeab1d6adddd69ad32a733a6209a208e7059bf1a8be8753df5d5748
  languageName: node
  linkType: hard

"prettier-plugin-ruby@npm:^0.3.1":
  version: 0.3.1
  resolution: "prettier-plugin-ruby@npm:0.3.1"
  dependencies:
    prettier: "npm:^1.16.4"
  checksum: 10c0/974eeb005e8d720d811266530443233d6c6bb484f6657751ad373d6460b855d7f8e9630cd07bdede74ddc1639c8f65d52e2328586d093158d6ed16d54aa8ecc3
  languageName: node
  linkType: hard

"prettier@npm:^1.16.4":
  version: 1.19.1
  resolution: "prettier@npm:1.19.1"
  bin:
    prettier: ./bin-prettier.js
  checksum: 10c0/12efb4e486c1e1d006e9eadd3b6585fc6beb9481dc801080fc23d3e75ec599d88c6fea1b40aef167128069e8fe76b4205bb8306ad145575d1b051b8fa70cfaae
  languageName: node
  linkType: hard

"prettier@npm:^3.6.2":
  version: 3.6.2
  resolution: "prettier@npm:3.6.2"
  bin:
    prettier: bin/prettier.cjs
  checksum: 10c0/488cb2f2b99ec13da1e50074912870217c11edaddedeadc649b1244c749d15ba94e846423d062e2c4c9ae683e2d65f754de28889ba06e697ac4f988d44f45812
  languageName: node
  linkType: hard

"root-workspace-0b6124@workspace:.":
  version: 0.0.0-use.local
  resolution: "root-workspace-0b6124@workspace:."
  dependencies:
    prettier: "npm:^3.6.2"
    prettier-plugin-erb: "npm:^0.4.0"
    prettier-plugin-ruby: "npm:^0.3.1"
  languageName: unknown
  linkType: soft
